<?xml version="1.0" encoding="utf-8"?>
<Project ToolsVersion="4.0" xmlns="http://schemas.microsoft.com/developer/msbuild/2003">
  <ItemGroup>
    <Filter Include="Source Files">
      <UniqueIdentifier>{4FC737F1-C7A5-4376-A066-2A32D752A2FF}</UniqueIdentifier>
      <Extensions>cpp;c;cc;cxx;def;odl;idl;hpj;bat;asm;asmx</Extensions>
    </Filter>
    <Filter Include="Header Files">
      <UniqueIdentifier>{93995380-89BD-4b04-88EB-625FBE52EBFB}</UniqueIdentifier>
      <Extensions>h;hh;hpp;hxx;hm;inl;inc;ipp;xsd</Extensions>
    </Filter>
    <Filter Include="Resource Files">
      <UniqueIdentifier>{67DA6AB6-F800-4c08-8B7A-83BB121AAD01}</UniqueIdentifier>
      <Extensions>rc;ico;cur;bmp;dlg;rc2;rct;bin;rgs;gif;jpg;jpeg;jpe;resx;tiff;tif;png;wav;mfcribbon-ms</Extensions>
    </Filter>
  </ItemGroup>
  <ItemGroup>
    <ClCompile Include="main.cpp">
      <Filter>Source Files</Filter>
    </ClCompile>
    <ClCompile Include="header\Header.cpp">
      <Filter>Source Files</Filter>
    </ClCompile>
    <ClCompile Include="keypoints\keypoints.cpp">
      <Filter>Source Files</Filter>
    </ClCompile>
    <ClCompile Include="draw_keypoints\draw_keypoints.cpp">
      <Filter>Source Files</Filter>
    </ClCompile>
    <ClCompile Include="joined_images\joined_images.cpp">
      <Filter>Source Files</Filter>
    </ClCompile>
    <ClCompile Include="homography\homography.cpp">
      <Filter>Source Files</Filter>
    </ClCompile>
    <ClCompile Include="keypoints\keypoints_SIFT.cpp">
      <Filter>Source Files</Filter>
    </ClCompile>
    <ClCompile Include="keypoints\keypoints_ORB.cpp">
      <Filter>Source Files</Filter>
    </ClCompile>
    <ClCompile Include="match_points\match_points.cpp">
      <Filter>Source Files</Filter>
    </ClCompile>
    <ClCompile Include="contours\countours.cpp">
      <Filter>Source Files</Filter>
    </ClCompile>
    <ClCompile Include="epipolar\epipolar.cpp">
      <Filter>Source Files</Filter>
    </ClCompile>
  </ItemGroup>
  <ItemGroup>
    <ClInclude Include="header\Header.h">
      <Filter>Header Files</Filter>
    </ClInclude>
  </ItemGroup>
</Project>